
Microsoft Visual Studio Solution File, Format Version 12.00
# Visual Studio 14
VisualStudioVersion = 14.0.25420.1
MinimumVisualStudioVersion = 10.0.40219.1
Project("{8BC9CEB8-8B4A-11D0-8D11-00A0C91BC942}") = "Project1", "Project1\Project1.vcxproj", "{D7BFB9A0-4A02-4C66-9B11-6778E36AADCA}"
EndProject
Global
	GlobalSection(SolutionConfigurationPlatforms) = preSolution
		Debug|x64 = Debug|x64
		Debug|x86 = Debug|x86
		Release|x64 = Release|x64
		Release|x86 = Release|x86
	EndGlobalSection
	GlobalSection(ProjectConfigurationPlatforms) = postSolution
		{D7BFB9A0-4A02-4C66-9B11-6778E36AADCA}.Debug|x64.ActiveCfg = Debug|x64
		{D7BFB9A0-4A02-4C66-9B11-6778E36AADCA}.Debug|x64.Build.0 = Debug|x64
		{D7BFB9A0-4A02-4C66-9B11-6778E36AADCA}.Debug|x86.ActiveCfg = Debug|Win32
		{D7BFB9A0-4A02-4C66-9B11-6778E36AADCA}.Debug|x86.Build.0 = Debug|Win32
		{D7BFB9A0-4A02-4C66-9B11-6778E36AADCA}.Release|x64.ActiveCfg = Release|x64
		{D7BFB9A0-4A02-4C66-9B11-6778E36AADCA}.Release|x64.Build.0 = Release|x64
		{D7BFB9A0-4A02-4C66-9B11-6778E36AADCA}.Release|x86.ActiveCfg = Release|Win32
		{D7BFB9A0-4A02-4C66-9B11-6778E36AADCA}.Release|x86.Build.0 = Release|Win32
	EndGlobalSection
	GlobalSection(SolutionProperties) = preSolution
		HideSolutionNode = FALSE
	EndGlobalSection
EndGlobal
